
Microsoft Visual Studio Solution File, Format Version 12.00
# Visual Studio Version 16
VisualStudioVersion = 16.0.29613.14
MinimumVisualStudioVersion = 10.0.40219.1
Project("{FAE04EC0-301F-11D3-BF4B-00C04F79EFBC}") = "DigitalHomeCinemaManager", "DigitalHomeCinemaManager\DigitalHomeCinemaManager.csproj", "{4F70B306-CF18-4FB5-8F96-A52DECFBD0B5}"
EndProject
Project("{FAE04EC0-301F-11D3-BF4B-00C04F79EFBC}") = "DigitalHomeCinemaControl", "DigitalHomeCinemaControl\DigitalHomeCinemaControl.csproj", "{FE75C5F3-1416-439E-BFDC-0CC8D07A7260}"
EndProject
Global
	GlobalSection(SolutionConfigurationPlatforms) = preSolution
		Debug|Any CPU = Debug|Any CPU
		Release|Any CPU = Release|Any CPU
	EndGlobalSection
	GlobalSection(ProjectConfigurationPlatforms) = postSolution
		{4F70B306-CF18-4FB5-8F96-A52DECFBD0B5}.Debug|Any CPU.ActiveCfg = Debug|Any CPU
		{4F70B306-CF18-4FB5-8F96-A52DECFBD0B5}.Debug|Any CPU.Build.0 = Debug|Any CPU
		{4F70B306-CF18-4FB5-8F96-A52DECFBD0B5}.Release|Any CPU.ActiveCfg = Release|Any CPU
		{4F70B306-CF18-4FB5-8F96-A52DECFBD0B5}.Release|Any CPU.Build.0 = Release|Any CPU
		{FE75C5F3-1416-439E-BFDC-0CC8D07A7260}.Debug|Any CPU.ActiveCfg = Debug|Any CPU
		{FE75C5F3-1416-439E-BFDC-0CC8D07A7260}.Debug|Any CPU.Build.0 = Debug|Any CPU
		{FE75C5F3-1416-439E-BFDC-0CC8D07A7260}.Release|Any CPU.ActiveCfg = Release|Any CPU
		{FE75C5F3-1416-439E-BFDC-0CC8D07A7260}.Release|Any CPU.Build.0 = Release|Any CPU
	EndGlobalSection
	GlobalSection(SolutionProperties) = preSolution
		HideSolutionNode = FALSE
	EndGlobalSection
	GlobalSection(ExtensibilityGlobals) = postSolution
		SolutionGuid = {26CDDB1C-55C7-46C2-8791-A9D90D678A3C}
	EndGlobalSection
EndGlobal
